
Microsoft Visual Studio Solution File, Format Version 12.00
# Visual Studio Version 16
VisualStudioVersion = 16.0.30128.74
MinimumVisualStudioVersion = 10.0.40219.1
Project("{FAE04EC0-301F-11D3-BF4B-00C04F79EFBC}") = "Merge sort", "Merge sort\Merge sort.csproj", "{541DC3C2-467A-4349-9541-985D22F5B4F7}"
EndProject
Global
	GlobalSection(SolutionConfigurationPlatforms) = preSolution
		Debug|Any CPU = Debug|Any CPU
		Release|Any CPU = Release|Any CPU
	EndGlobalSection
	GlobalSection(ProjectConfigurationPlatforms) = postSolution
		{541DC3C2-467A-4349-9541-985D22F5B4F7}.Debug|Any CPU.ActiveCfg = Debug|Any CPU
		{541DC3C2-467A-4349-9541-985D22F5B4F7}.Debug|Any CPU.Build.0 = Debug|Any CPU
		{541DC3C2-467A-4349-9541-985D22F5B4F7}.Release|Any CPU.ActiveCfg = Release|Any CPU
		{541DC3C2-467A-4349-9541-985D22F5B4F7}.Release|Any CPU.Build.0 = Release|Any CPU
	EndGlobalSection
	GlobalSection(SolutionProperties) = preSolution
		HideSolutionNode = FALSE
	EndGlobalSection
	GlobalSection(ExtensibilityGlobals) = postSolution
		SolutionGuid = {F251BBF2-5ED0-46AA-AA67-40F8EE5928DF}
	EndGlobalSection
EndGlobal
